
Microsoft Visual Studio Solution File, Format Version 12.00
# Visual Studio Version 17
VisualStudioVersion = 17.6.33829.357
MinimumVisualStudioVersion = 10.0.40219.1
Project("{FAE04EC0-301F-11D3-BF4B-00C04F79EFBC}") = "PipeAutoCreate", "PipeAutoCreate.csproj", "{2EBB455A-1EBA-4560-93CD-A65335DC9032}"
EndProject
Project("{FAE04EC0-301F-11D3-BF4B-00C04F79EFBC}") = "DateTest", "..\DateTest\DateTest.csproj", "{771AB7F0-3FB3-49A1-9C2E-28CDDDBA7BB7}"
EndProject
Project("{FAE04EC0-301F-11D3-BF4B-00C04F79EFBC}") = "ExcelShowTest", "..\ExcelShowTest\ExcelShowTest.csproj", "{4FF9F5BC-98C6-4285-8246-9CB43EA71B48}"
EndProject
Project("{FAE04EC0-301F-11D3-BF4B-00C04F79EFBC}") = "RevitTest", "..\RevitTest\RevitTest.csproj", "{A39F4421-36E7-4060-8B95-76EA829EA889}"
EndProject
Global
	GlobalSection(SolutionConfigurationPlatforms) = preSolution
		Debug|Any CPU = Debug|Any CPU
		Release|Any CPU = Release|Any CPU
	EndGlobalSection
	GlobalSection(ProjectConfigurationPlatforms) = postSolution
		{2EBB455A-1EBA-4560-93CD-A65335DC9032}.Debug|Any CPU.ActiveCfg = Debug|Any CPU
		{2EBB455A-1EBA-4560-93CD-A65335DC9032}.Debug|Any CPU.Build.0 = Debug|Any CPU
		{2EBB455A-1EBA-4560-93CD-A65335DC9032}.Release|Any CPU.ActiveCfg = Release|Any CPU
		{2EBB455A-1EBA-4560-93CD-A65335DC9032}.Release|Any CPU.Build.0 = Release|Any CPU
		{771AB7F0-3FB3-49A1-9C2E-28CDDDBA7BB7}.Debug|Any CPU.ActiveCfg = Debug|Any CPU
		{771AB7F0-3FB3-49A1-9C2E-28CDDDBA7BB7}.Debug|Any CPU.Build.0 = Debug|Any CPU
		{771AB7F0-3FB3-49A1-9C2E-28CDDDBA7BB7}.Release|Any CPU.ActiveCfg = Release|Any CPU
		{771AB7F0-3FB3-49A1-9C2E-28CDDDBA7BB7}.Release|Any CPU.Build.0 = Release|Any CPU
		{4FF9F5BC-98C6-4285-8246-9CB43EA71B48}.Debug|Any CPU.ActiveCfg = Debug|Any CPU
		{4FF9F5BC-98C6-4285-8246-9CB43EA71B48}.Debug|Any CPU.Build.0 = Debug|Any CPU
		{4FF9F5BC-98C6-4285-8246-9CB43EA71B48}.Release|Any CPU.ActiveCfg = Release|Any CPU
		{4FF9F5BC-98C6-4285-8246-9CB43EA71B48}.Release|Any CPU.Build.0 = Release|Any CPU
		{A39F4421-36E7-4060-8B95-76EA829EA889}.Debug|Any CPU.ActiveCfg = Debug|Any CPU
		{A39F4421-36E7-4060-8B95-76EA829EA889}.Debug|Any CPU.Build.0 = Debug|Any CPU
		{A39F4421-36E7-4060-8B95-76EA829EA889}.Release|Any CPU.ActiveCfg = Release|Any CPU
		{A39F4421-36E7-4060-8B95-76EA829EA889}.Release|Any CPU.Build.0 = Release|Any CPU
	EndGlobalSection
	GlobalSection(SolutionProperties) = preSolution
		HideSolutionNode = FALSE
	EndGlobalSection
	GlobalSection(ExtensibilityGlobals) = postSolution
		SolutionGuid = {02D1628E-5513-40BA-89CA-5604CA8E6D9E}
	EndGlobalSection
EndGlobal
